
Microsoft Visual Studio Solution File, Format Version 12.00
# Visual Studio Version 16
VisualStudioVersion = 16.0.31613.86
MinimumVisualStudioVersion = 10.0.40219.1
Project("{8BC9CEB8-8B4A-11D0-8D11-00A0C91BC942}") = "Class1", "Class1\Class1.vcxproj", "{ACC8937E-4BD8-4908-BD05-21AB46AB806D}"
EndProject
Project("{8BC9CEB8-8B4A-11D0-8D11-00A0C91BC942}") = "Class2-1", "Class2\Class2.vcxproj", "{12FA1F1C-96CB-4D64-B30F-7C7BAF9CEB20}"
EndProject
Project("{8BC9CEB8-8B4A-11D0-8D11-00A0C91BC942}") = "Class2-2", "Class2-2\Class2-2.vcxproj", "{7F8F70FD-D12F-4C01-9850-D4C2D5787285}"
EndProject
Project("{8BC9CEB8-8B4A-11D0-8D11-00A0C91BC942}") = "Class2-3", "Class2-3\Class2-3.vcxproj", "{8C877B68-F0E5-4970-A199-34A30EE9B65D}"
EndProject
Project("{8BC9CEB8-8B4A-11D0-8D11-00A0C91BC942}") = "Class3-1", "Class3-1\Class3-1.vcxproj", "{0FF73A44-60DA-45C9-8499-C8B0B660BBEA}"
EndProject
Project("{8BC9CEB8-8B4A-11D0-8D11-00A0C91BC942}") = "Class3-2", "Class3-2\Class3-2.vcxproj", "{7D6A37D7-D664-48F0-A5DF-1BA25439D631}"
EndProject
Project("{8BC9CEB8-8B4A-11D0-8D11-00A0C91BC942}") = "Class3-3", "Class3-3\Class3-3.vcxproj", "{88DBE9CB-CDA5-413C-8C30-5466CADFDD12}"
EndProject
Project("{8BC9CEB8-8B4A-11D0-8D11-00A0C91BC942}") = "Class4-1", "Class4-1\Class4-1.vcxproj", "{F96266DA-9C91-48D2-9E86-B35CDEAE794B}"
EndProject
Project("{8BC9CEB8-8B4A-11D0-8D11-00A0C91BC942}") = "Class4-2", "Class4-2\Class4-2.vcxproj", "{526DB546-8E8D-4004-BCFF-AF93B6E57E19}"
EndProject
Project("{8BC9CEB8-8B4A-11D0-8D11-00A0C91BC942}") = "Class4-3", "Class4-3\Class4-3.vcxproj", "{4F65D280-844E-4020-B24C-C3E95EEC6919}"
EndProject
Global
	GlobalSection(SolutionConfigurationPlatforms) = preSolution
		Debug|x64 = Debug|x64
		Debug|x86 = Debug|x86
		Release|x64 = Release|x64
		Release|x86 = Release|x86
	EndGlobalSection
	GlobalSection(ProjectConfigurationPlatforms) = postSolution
		{ACC8937E-4BD8-4908-BD05-21AB46AB806D}.Debug|x64.ActiveCfg = Debug|x64
		{ACC8937E-4BD8-4908-BD05-21AB46AB806D}.Debug|x64.Build.0 = Debug|x64
		{ACC8937E-4BD8-4908-BD05-21AB46AB806D}.Debug|x86.ActiveCfg = Debug|Win32
		{ACC8937E-4BD8-4908-BD05-21AB46AB806D}.Debug|x86.Build.0 = Debug|Win32
		{ACC8937E-4BD8-4908-BD05-21AB46AB806D}.Release|x64.ActiveCfg = Release|x64
		{ACC8937E-4BD8-4908-BD05-21AB46AB806D}.Release|x64.Build.0 = Release|x64
		{ACC8937E-4BD8-4908-BD05-21AB46AB806D}.Release|x86.ActiveCfg = Release|Win32
		{ACC8937E-4BD8-4908-BD05-21AB46AB806D}.Release|x86.Build.0 = Release|Win32
		{12FA1F1C-96CB-4D64-B30F-7C7BAF9CEB20}.Debug|x64.ActiveCfg = Debug|x64
		{12FA1F1C-96CB-4D64-B30F-7C7BAF9CEB20}.Debug|x64.Build.0 = Debug|x64
		{12FA1F1C-96CB-4D64-B30F-7C7BAF9CEB20}.Debug|x86.ActiveCfg = Debug|Win32
		{12FA1F1C-96CB-4D64-B30F-7C7BAF9CEB20}.Debug|x86.Build.0 = Debug|Win32
		{12FA1F1C-96CB-4D64-B30F-7C7BAF9CEB20}.Release|x64.ActiveCfg = Release|x64
		{12FA1F1C-96CB-4D64-B30F-7C7BAF9CEB20}.Release|x64.Build.0 = Release|x64
		{12FA1F1C-96CB-4D64-B30F-7C7BAF9CEB20}.Release|x86.ActiveCfg = Release|Win32
		{12FA1F1C-96CB-4D64-B30F-7C7BAF9CEB20}.Release|x86.Build.0 = Release|Win32
		{7F8F70FD-D12F-4C01-9850-D4C2D5787285}.Debug|x64.ActiveCfg = Debug|x64
		{7F8F70FD-D12F-4C01-9850-D4C2D5787285}.Debug|x64.Build.0 = Debug|x64
		{7F8F70FD-D12F-4C01-9850-D4C2D5787285}.Debug|x86.ActiveCfg = Debug|Win32
		{7F8F70FD-D12F-4C01-9850-D4C2D5787285}.Debug|x86.Build.0 = Debug|Win32
		{7F8F70FD-D12F-4C01-9850-D4C2D5787285}.Release|x64.ActiveCfg = Release|x64
		{7F8F70FD-D12F-4C01-9850-D4C2D5787285}.Release|x64.Build.0 = Release|x64
		{7F8F70FD-D12F-4C01-9850-D4C2D5787285}.Release|x86.ActiveCfg = Release|Win32
		{7F8F70FD-D12F-4C01-9850-D4C2D5787285}.Release|x86.Build.0 = Release|Win32
		{8C877B68-F0E5-4970-A199-34A30EE9B65D}.Debug|x64.ActiveCfg = Debug|x64
		{8C877B68-F0E5-4970-A199-34A30EE9B65D}.Debug|x64.Build.0 = Debug|x64
		{8C877B68-F0E5-4970-A199-34A30EE9B65D}.Debug|x86.ActiveCfg = Debug|Win32
		{8C877B68-F0E5-4970-A199-34A30EE9B65D}.Debug|x86.Build.0 = Debug|Win32
		{8C877B68-F0E5-4970-A199-34A30EE9B65D}.Release|x64.ActiveCfg = Release|x64
		{8C877B68-F0E5-4970-A199-34A30EE9B65D}.Release|x64.Build.0 = Release|x64
		{8C877B68-F0E5-4970-A199-34A30EE9B65D}.Release|x86.ActiveCfg = Release|Win32
		{8C877B68-F0E5-4970-A199-34A30EE9B65D}.Release|x86.Build.0 = Release|Win32
		{0FF73A44-60DA-45C9-8499-C8B0B660BBEA}.Debug|x64.ActiveCfg = Debug|x64
		{0FF73A44-60DA-45C9-8499-C8B0B660BBEA}.Debug|x64.Build.0 = Debug|x64
		{0FF73A44-60DA-45C9-8499-C8B0B660BBEA}.Debug|x86.ActiveCfg = Debug|Win32
		{0FF73A44-60DA-45C9-8499-C8B0B660BBEA}.Debug|x86.Build.0 = Debug|Win32
		{0FF73A44-60DA-45C9-8499-C8B0B660BBEA}.Release|x64.ActiveCfg = Release|x64
		{0FF73A44-60DA-45C9-8499-C8B0B660BBEA}.Release|x64.Build.0 = Release|x64
		{0FF73A44-60DA-45C9-8499-C8B0B660BBEA}.Release|x86.ActiveCfg = Release|Win32
		{0FF73A44-60DA-45C9-8499-C8B0B660BBEA}.Release|x86.Build.0 = Release|Win32
		{7D6A37D7-D664-48F0-A5DF-1BA25439D631}.Debug|x64.ActiveCfg = Debug|x64
		{7D6A37D7-D664-48F0-A5DF-1BA25439D631}.Debug|x64.Build.0 = Debug|x64
		{7D6A37D7-D664-48F0-A5DF-1BA25439D631}.Debug|x86.ActiveCfg = Debug|Win32
		{7D6A37D7-D664-48F0-A5DF-1BA25439D631}.Debug|x86.Build.0 = Debug|Win32
		{7D6A37D7-D664-48F0-A5DF-1BA25439D631}.Release|x64.ActiveCfg = Release|x64
		{7D6A37D7-D664-48F0-A5DF-1BA25439D631}.Release|x64.Build.0 = Release|x64
		{7D6A37D7-D664-48F0-A5DF-1BA25439D631}.Release|x86.ActiveCfg = Release|Win32
		{7D6A37D7-D664-48F0-A5DF-1BA25439D631}.Release|x86.Build.0 = Release|Win32
		{88DBE9CB-CDA5-413C-8C30-5466CADFDD12}.Debug|x64.ActiveCfg = Debug|x64
		{88DBE9CB-CDA5-413C-8C30-5466CADFDD12}.Debug|x64.Build.0 = Debug|x64
		{88DBE9CB-CDA5-413C-8C30-5466CADFDD12}.Debug|x86.ActiveCfg = Debug|Win32
		{88DBE9CB-CDA5-413C-8C30-5466CADFDD12}.Debug|x86.Build.0 = Debug|Win32
		{88DBE9CB-CDA5-413C-8C30-5466CADFDD12}.Release|x64.ActiveCfg = Release|x64
		{88DBE9CB-CDA5-413C-8C30-5466CADFDD12}.Release|x64.Build.0 = Release|x64
		{88DBE9CB-CDA5-413C-8C30-5466CADFDD12}.Release|x86.ActiveCfg = Release|Win32
		{88DBE9CB-CDA5-413C-8C30-5466CADFDD12}.Release|x86.Build.0 = Release|Win32
		{F96266DA-9C91-48D2-9E86-B35CDEAE794B}.Debug|x64.ActiveCfg = Debug|x64
		{F96266DA-9C91-48D2-9E86-B35CDEAE794B}.Debug|x64.Build.0 = Debug|x64
		{F96266DA-9C91-48D2-9E86-B35CDEAE794B}.Debug|x86.ActiveCfg = Debug|Win32
		{F96266DA-9C91-48D2-9E86-B35CDEAE794B}.Debug|x86.Build.0 = Debug|Win32
		{F96266DA-9C91-48D2-9E86-B35CDEAE794B}.Release|x64.ActiveCfg = Release|x64
		{F96266DA-9C91-48D2-9E86-B35CDEAE794B}.Release|x64.Build.0 = Release|x64
		{F96266DA-9C91-48D2-9E86-B35CDEAE794B}.Release|x86.ActiveCfg = Release|Win32
		{F96266DA-9C91-48D2-9E86-B35CDEAE794B}.Release|x86.Build.0 = Release|Win32
		{526DB546-8E8D-4004-BCFF-AF93B6E57E19}.Debug|x64.ActiveCfg = Debug|x64
		{526DB546-8E8D-4004-BCFF-AF93B6E57E19}.Debug|x64.Build.0 = Debug|x64
		{526DB546-8E8D-4004-BCFF-AF93B6E57E19}.Debug|x86.ActiveCfg = Debug|Win32
		{526DB546-8E8D-4004-BCFF-AF93B6E57E19}.Debug|x86.Build.0 = Debug|Win32
		{526DB546-8E8D-4004-BCFF-AF93B6E57E19}.Release|x64.ActiveCfg = Release|x64
		{526DB546-8E8D-4004-BCFF-AF93B6E57E19}.Release|x64.Build.0 = Release|x64
		{526DB546-8E8D-4004-BCFF-AF93B6E57E19}.Release|x86.ActiveCfg = Release|Win32
		{526DB546-8E8D-4004-BCFF-AF93B6E57E19}.Release|x86.Build.0 = Release|Win32
		{4F65D280-844E-4020-B24C-C3E95EEC6919}.Debug|x64.ActiveCfg = Debug|x64
		{4F65D280-844E-4020-B24C-C3E95EEC6919}.Debug|x64.Build.0 = Debug|x64
		{4F65D280-844E-4020-B24C-C3E95EEC6919}.Debug|x86.ActiveCfg = Debug|Win32
		{4F65D280-844E-4020-B24C-C3E95EEC6919}.Debug|x86.Build.0 = Debug|Win32
		{4F65D280-844E-4020-B24C-C3E95EEC6919}.Release|x64.ActiveCfg = Release|x64
		{4F65D280-844E-4020-B24C-C3E95EEC6919}.Release|x64.Build.0 = Release|x64
		{4F65D280-844E-4020-B24C-C3E95EEC6919}.Release|x86.ActiveCfg = Release|Win32
		{4F65D280-844E-4020-B24C-C3E95EEC6919}.Release|x86.Build.0 = Release|Win32
	EndGlobalSection
	GlobalSection(SolutionProperties) = preSolution
		HideSolutionNode = FALSE
	EndGlobalSection
	GlobalSection(ExtensibilityGlobals) = postSolution
		SolutionGuid = {29B4544C-12F6-4C85-B156-25537AC959B0}
	EndGlobalSection
EndGlobal
