
Microsoft Visual Studio Solution File, Format Version 12.00
# Visual Studio Version 17
VisualStudioVersion = 17.0.31903.59
MinimumVisualStudioVersion = 10.0.40219.1
Project("{8BC9CEB8-8B4A-11D0-8D11-00A0C91BC942}") = "HW1", "HW1\HW1.vcxproj", "{A6E1CD3F-D89E-4CCA-97B7-1D4D01EF7D91}"
EndProject
Project("{8BC9CEB8-8B4A-11D0-8D11-00A0C91BC942}") = "HW2", "HW2\HW2.vcxproj", "{2E80544E-EC16-4649-B647-1A2395A3A8F9}"
EndProject
Project("{8BC9CEB8-8B4A-11D0-8D11-00A0C91BC942}") = "HW3", "HW3\HW3.vcxproj", "{13FF694F-CE1A-42BD-92C4-E92A8D5AEB06}"
EndProject
Project("{8BC9CEB8-8B4A-11D0-8D11-00A0C91BC942}") = "HW4", "HW4\HW4.vcxproj", "{1D833401-ECF6-4A4F-8332-F6376E9BD13C}"
EndProject
Project("{8BC9CEB8-8B4A-11D0-8D11-00A0C91BC942}") = "HW5", "HW5\HW5.vcxproj", "{1AD564C9-F63D-4E88-9D30-ED386809649E}"
EndProject
Project("{8BC9CEB8-8B4A-11D0-8D11-00A0C91BC942}") = "HW6", "HW6\HW6.vcxproj", "{BD428470-33E3-4D88-81A2-094D2184F102}"
EndProject
Project("{8BC9CEB8-8B4A-11D0-8D11-00A0C91BC942}") = "HW7", "HW7\HW7.vcxproj", "{3EA6325D-A6D8-4431-8944-76C5077931DC}"
EndProject
Project("{8BC9CEB8-8B4A-11D0-8D11-00A0C91BC942}") = "HW8", "HW8\HW8.vcxproj", "{E8F98A80-ACD9-4DD9-A681-6AFAF0D63165}"
EndProject
Project("{8BC9CEB8-8B4A-11D0-8D11-00A0C91BC942}") = "HW9", "HW9\HW9.vcxproj", "{74179D90-BC10-4FF8-B10A-CDD387E0F47D}"
EndProject
Project("{8BC9CEB8-8B4A-11D0-8D11-00A0C91BC942}") = "HW10", "HW10\HW10.vcxproj", "{F183B9D9-311F-4A9C-BA5B-0DD6D159A1C4}"
EndProject
Project("{8BC9CEB8-8B4A-11D0-8D11-00A0C91BC942}") = "HW11", "HW11\HW11.vcxproj", "{15296A6D-F3B1-460C-A259-E1CBC79EFDF3}"
EndProject
Project("{8BC9CEB8-8B4A-11D0-8D11-00A0C91BC942}") = "HW12", "HW12\HW12.vcxproj", "{CBA11633-D9B3-4B57-A997-7629D92D3746}"
EndProject
Project("{8BC9CEB8-8B4A-11D0-8D11-00A0C91BC942}") = "HW13", "HW13\HW13.vcxproj", "{58B45ED6-84AD-4236-BFB4-3A8B707CC2DF}"
EndProject
Project("{8BC9CEB8-8B4A-11D0-8D11-00A0C91BC942}") = "HW14", "HW14\HW14.vcxproj", "{77AEC3C8-2C3D-44F3-A598-C0599B9FF8F0}"
EndProject
Project("{8BC9CEB8-8B4A-11D0-8D11-00A0C91BC942}") = "QuadraticSupplemental", "QuadraticSupplemental\QuadraticSupplemental.vcxproj", "{48BBEC0C-CF7E-4810-9F11-81EAA2843AB7}"
EndProject
Project("{8BC9CEB8-8B4A-11D0-8D11-00A0C91BC942}") = "CourseCppFinal", "CourseCppFinal\CourseCppFinal.vcxproj", "{9076C1B7-BF54-476A-BDEC-6FB18B30DB9E}"
EndProject
Global
	GlobalSection(SolutionConfigurationPlatforms) = preSolution
		Debug|x64 = Debug|x64
		Debug|x86 = Debug|x86
		Release|x64 = Release|x64
		Release|x86 = Release|x86
	EndGlobalSection
	GlobalSection(ProjectConfigurationPlatforms) = postSolution
		{A6E1CD3F-D89E-4CCA-97B7-1D4D01EF7D91}.Debug|x64.ActiveCfg = Debug|x64
		{A6E1CD3F-D89E-4CCA-97B7-1D4D01EF7D91}.Debug|x64.Build.0 = Debug|x64
		{A6E1CD3F-D89E-4CCA-97B7-1D4D01EF7D91}.Debug|x86.ActiveCfg = Debug|Win32
		{A6E1CD3F-D89E-4CCA-97B7-1D4D01EF7D91}.Debug|x86.Build.0 = Debug|Win32
		{A6E1CD3F-D89E-4CCA-97B7-1D4D01EF7D91}.Release|x64.ActiveCfg = Release|x64
		{A6E1CD3F-D89E-4CCA-97B7-1D4D01EF7D91}.Release|x64.Build.0 = Release|x64
		{A6E1CD3F-D89E-4CCA-97B7-1D4D01EF7D91}.Release|x86.ActiveCfg = Release|Win32
		{A6E1CD3F-D89E-4CCA-97B7-1D4D01EF7D91}.Release|x86.Build.0 = Release|Win32
		{2E80544E-EC16-4649-B647-1A2395A3A8F9}.Debug|x64.ActiveCfg = Debug|x64
		{2E80544E-EC16-4649-B647-1A2395A3A8F9}.Debug|x64.Build.0 = Debug|x64
		{2E80544E-EC16-4649-B647-1A2395A3A8F9}.Debug|x86.ActiveCfg = Debug|Win32
		{2E80544E-EC16-4649-B647-1A2395A3A8F9}.Debug|x86.Build.0 = Debug|Win32
		{2E80544E-EC16-4649-B647-1A2395A3A8F9}.Release|x64.ActiveCfg = Release|x64
		{2E80544E-EC16-4649-B647-1A2395A3A8F9}.Release|x64.Build.0 = Release|x64
		{2E80544E-EC16-4649-B647-1A2395A3A8F9}.Release|x86.ActiveCfg = Release|Win32
		{2E80544E-EC16-4649-B647-1A2395A3A8F9}.Release|x86.Build.0 = Release|Win32
		{13FF694F-CE1A-42BD-92C4-E92A8D5AEB06}.Debug|x64.ActiveCfg = Debug|x64
		{13FF694F-CE1A-42BD-92C4-E92A8D5AEB06}.Debug|x64.Build.0 = Debug|x64
		{13FF694F-CE1A-42BD-92C4-E92A8D5AEB06}.Debug|x86.ActiveCfg = Debug|Win32
		{13FF694F-CE1A-42BD-92C4-E92A8D5AEB06}.Debug|x86.Build.0 = Debug|Win32
		{13FF694F-CE1A-42BD-92C4-E92A8D5AEB06}.Release|x64.ActiveCfg = Release|x64
		{13FF694F-CE1A-42BD-92C4-E92A8D5AEB06}.Release|x64.Build.0 = Release|x64
		{13FF694F-CE1A-42BD-92C4-E92A8D5AEB06}.Release|x86.ActiveCfg = Release|Win32
		{13FF694F-CE1A-42BD-92C4-E92A8D5AEB06}.Release|x86.Build.0 = Release|Win32
		{1D833401-ECF6-4A4F-8332-F6376E9BD13C}.Debug|x64.ActiveCfg = Debug|x64
		{1D833401-ECF6-4A4F-8332-F6376E9BD13C}.Debug|x64.Build.0 = Debug|x64
		{1D833401-ECF6-4A4F-8332-F6376E9BD13C}.Debug|x86.ActiveCfg = Debug|Win32
		{1D833401-ECF6-4A4F-8332-F6376E9BD13C}.Debug|x86.Build.0 = Debug|Win32
		{1D833401-ECF6-4A4F-8332-F6376E9BD13C}.Release|x64.ActiveCfg = Release|x64
		{1D833401-ECF6-4A4F-8332-F6376E9BD13C}.Release|x64.Build.0 = Release|x64
		{1D833401-ECF6-4A4F-8332-F6376E9BD13C}.Release|x86.ActiveCfg = Release|Win32
		{1D833401-ECF6-4A4F-8332-F6376E9BD13C}.Release|x86.Build.0 = Release|Win32
		{1AD564C9-F63D-4E88-9D30-ED386809649E}.Debug|x64.ActiveCfg = Debug|x64
		{1AD564C9-F63D-4E88-9D30-ED386809649E}.Debug|x64.Build.0 = Debug|x64
		{1AD564C9-F63D-4E88-9D30-ED386809649E}.Debug|x86.ActiveCfg = Debug|Win32
		{1AD564C9-F63D-4E88-9D30-ED386809649E}.Debug|x86.Build.0 = Debug|Win32
		{1AD564C9-F63D-4E88-9D30-ED386809649E}.Release|x64.ActiveCfg = Release|x64
		{1AD564C9-F63D-4E88-9D30-ED386809649E}.Release|x64.Build.0 = Release|x64
		{1AD564C9-F63D-4E88-9D30-ED386809649E}.Release|x86.ActiveCfg = Release|Win32
		{1AD564C9-F63D-4E88-9D30-ED386809649E}.Release|x86.Build.0 = Release|Win32
		{BD428470-33E3-4D88-81A2-094D2184F102}.Debug|x64.ActiveCfg = Debug|x64
		{BD428470-33E3-4D88-81A2-094D2184F102}.Debug|x64.Build.0 = Debug|x64
		{BD428470-33E3-4D88-81A2-094D2184F102}.Debug|x86.ActiveCfg = Debug|Win32
		{BD428470-33E3-4D88-81A2-094D2184F102}.Debug|x86.Build.0 = Debug|Win32
		{BD428470-33E3-4D88-81A2-094D2184F102}.Release|x64.ActiveCfg = Release|x64
		{BD428470-33E3-4D88-81A2-094D2184F102}.Release|x64.Build.0 = Release|x64
		{BD428470-33E3-4D88-81A2-094D2184F102}.Release|x86.ActiveCfg = Release|Win32
		{BD428470-33E3-4D88-81A2-094D2184F102}.Release|x86.Build.0 = Release|Win32
		{3EA6325D-A6D8-4431-8944-76C5077931DC}.Debug|x64.ActiveCfg = Debug|x64
		{3EA6325D-A6D8-4431-8944-76C5077931DC}.Debug|x64.Build.0 = Debug|x64
		{3EA6325D-A6D8-4431-8944-76C5077931DC}.Debug|x86.ActiveCfg = Debug|Win32
		{3EA6325D-A6D8-4431-8944-76C5077931DC}.Debug|x86.Build.0 = Debug|Win32
		{3EA6325D-A6D8-4431-8944-76C5077931DC}.Release|x64.ActiveCfg = Release|x64
		{3EA6325D-A6D8-4431-8944-76C5077931DC}.Release|x64.Build.0 = Release|x64
		{3EA6325D-A6D8-4431-8944-76C5077931DC}.Release|x86.ActiveCfg = Release|Win32
		{3EA6325D-A6D8-4431-8944-76C5077931DC}.Release|x86.Build.0 = Release|Win32
		{E8F98A80-ACD9-4DD9-A681-6AFAF0D63165}.Debug|x64.ActiveCfg = Debug|x64
		{E8F98A80-ACD9-4DD9-A681-6AFAF0D63165}.Debug|x64.Build.0 = Debug|x64
		{E8F98A80-ACD9-4DD9-A681-6AFAF0D63165}.Debug|x86.ActiveCfg = Debug|Win32
		{E8F98A80-ACD9-4DD9-A681-6AFAF0D63165}.Debug|x86.Build.0 = Debug|Win32
		{E8F98A80-ACD9-4DD9-A681-6AFAF0D63165}.Release|x64.ActiveCfg = Release|x64
		{E8F98A80-ACD9-4DD9-A681-6AFAF0D63165}.Release|x64.Build.0 = Release|x64
		{E8F98A80-ACD9-4DD9-A681-6AFAF0D63165}.Release|x86.ActiveCfg = Release|Win32
		{E8F98A80-ACD9-4DD9-A681-6AFAF0D63165}.Release|x86.Build.0 = Release|Win32
		{74179D90-BC10-4FF8-B10A-CDD387E0F47D}.Debug|x64.ActiveCfg = Debug|x64
		{74179D90-BC10-4FF8-B10A-CDD387E0F47D}.Debug|x64.Build.0 = Debug|x64
		{74179D90-BC10-4FF8-B10A-CDD387E0F47D}.Debug|x86.ActiveCfg = Debug|Win32
		{74179D90-BC10-4FF8-B10A-CDD387E0F47D}.Debug|x86.Build.0 = Debug|Win32
		{74179D90-BC10-4FF8-B10A-CDD387E0F47D}.Release|x64.ActiveCfg = Release|x64
		{74179D90-BC10-4FF8-B10A-CDD387E0F47D}.Release|x64.Build.0 = Release|x64
		{74179D90-BC10-4FF8-B10A-CDD387E0F47D}.Release|x86.ActiveCfg = Release|Win32
		{74179D90-BC10-4FF8-B10A-CDD387E0F47D}.Release|x86.Build.0 = Release|Win32
		{F183B9D9-311F-4A9C-BA5B-0DD6D159A1C4}.Debug|x64.ActiveCfg = Debug|x64
		{F183B9D9-311F-4A9C-BA5B-0DD6D159A1C4}.Debug|x64.Build.0 = Debug|x64
		{F183B9D9-311F-4A9C-BA5B-0DD6D159A1C4}.Debug|x86.ActiveCfg = Debug|Win32
		{F183B9D9-311F-4A9C-BA5B-0DD6D159A1C4}.Debug|x86.Build.0 = Debug|Win32
		{F183B9D9-311F-4A9C-BA5B-0DD6D159A1C4}.Release|x64.ActiveCfg = Release|x64
		{F183B9D9-311F-4A9C-BA5B-0DD6D159A1C4}.Release|x64.Build.0 = Release|x64
		{F183B9D9-311F-4A9C-BA5B-0DD6D159A1C4}.Release|x86.ActiveCfg = Release|Win32
		{F183B9D9-311F-4A9C-BA5B-0DD6D159A1C4}.Release|x86.Build.0 = Release|Win32
		{15296A6D-F3B1-460C-A259-E1CBC79EFDF3}.Debug|x64.ActiveCfg = Debug|x64
		{15296A6D-F3B1-460C-A259-E1CBC79EFDF3}.Debug|x64.Build.0 = Debug|x64
		{15296A6D-F3B1-460C-A259-E1CBC79EFDF3}.Debug|x86.ActiveCfg = Debug|Win32
		{15296A6D-F3B1-460C-A259-E1CBC79EFDF3}.Debug|x86.Build.0 = Debug|Win32
		{15296A6D-F3B1-460C-A259-E1CBC79EFDF3}.Release|x64.ActiveCfg = Release|x64
		{15296A6D-F3B1-460C-A259-E1CBC79EFDF3}.Release|x64.Build.0 = Release|x64
		{15296A6D-F3B1-460C-A259-E1CBC79EFDF3}.Release|x86.ActiveCfg = Release|Win32
		{15296A6D-F3B1-460C-A259-E1CBC79EFDF3}.Release|x86.Build.0 = Release|Win32
		{CBA11633-D9B3-4B57-A997-7629D92D3746}.Debug|x64.ActiveCfg = Debug|x64
		{CBA11633-D9B3-4B57-A997-7629D92D3746}.Debug|x64.Build.0 = Debug|x64
		{CBA11633-D9B3-4B57-A997-7629D92D3746}.Debug|x86.ActiveCfg = Debug|Win32
		{CBA11633-D9B3-4B57-A997-7629D92D3746}.Debug|x86.Build.0 = Debug|Win32
		{CBA11633-D9B3-4B57-A997-7629D92D3746}.Release|x64.ActiveCfg = Release|x64
		{CBA11633-D9B3-4B57-A997-7629D92D3746}.Release|x64.Build.0 = Release|x64
		{CBA11633-D9B3-4B57-A997-7629D92D3746}.Release|x86.ActiveCfg = Release|Win32
		{CBA11633-D9B3-4B57-A997-7629D92D3746}.Release|x86.Build.0 = Release|Win32
		{58B45ED6-84AD-4236-BFB4-3A8B707CC2DF}.Debug|x64.ActiveCfg = Debug|x64
		{58B45ED6-84AD-4236-BFB4-3A8B707CC2DF}.Debug|x64.Build.0 = Debug|x64
		{58B45ED6-84AD-4236-BFB4-3A8B707CC2DF}.Debug|x86.ActiveCfg = Debug|Win32
		{58B45ED6-84AD-4236-BFB4-3A8B707CC2DF}.Debug|x86.Build.0 = Debug|Win32
		{58B45ED6-84AD-4236-BFB4-3A8B707CC2DF}.Release|x64.ActiveCfg = Release|x64
		{58B45ED6-84AD-4236-BFB4-3A8B707CC2DF}.Release|x64.Build.0 = Release|x64
		{58B45ED6-84AD-4236-BFB4-3A8B707CC2DF}.Release|x86.ActiveCfg = Release|Win32
		{58B45ED6-84AD-4236-BFB4-3A8B707CC2DF}.Release|x86.Build.0 = Release|Win32
		{77AEC3C8-2C3D-44F3-A598-C0599B9FF8F0}.Debug|x64.ActiveCfg = Debug|x64
		{77AEC3C8-2C3D-44F3-A598-C0599B9FF8F0}.Debug|x64.Build.0 = Debug|x64
		{77AEC3C8-2C3D-44F3-A598-C0599B9FF8F0}.Debug|x86.ActiveCfg = Debug|Win32
		{77AEC3C8-2C3D-44F3-A598-C0599B9FF8F0}.Debug|x86.Build.0 = Debug|Win32
		{77AEC3C8-2C3D-44F3-A598-C0599B9FF8F0}.Release|x64.ActiveCfg = Release|x64
		{77AEC3C8-2C3D-44F3-A598-C0599B9FF8F0}.Release|x64.Build.0 = Release|x64
		{77AEC3C8-2C3D-44F3-A598-C0599B9FF8F0}.Release|x86.ActiveCfg = Release|Win32
		{77AEC3C8-2C3D-44F3-A598-C0599B9FF8F0}.Release|x86.Build.0 = Release|Win32
		{48BBEC0C-CF7E-4810-9F11-81EAA2843AB7}.Debug|x64.ActiveCfg = Debug|x64
		{48BBEC0C-CF7E-4810-9F11-81EAA2843AB7}.Debug|x64.Build.0 = Debug|x64
		{48BBEC0C-CF7E-4810-9F11-81EAA2843AB7}.Debug|x86.ActiveCfg = Debug|Win32
		{48BBEC0C-CF7E-4810-9F11-81EAA2843AB7}.Debug|x86.Build.0 = Debug|Win32
		{48BBEC0C-CF7E-4810-9F11-81EAA2843AB7}.Release|x64.ActiveCfg = Release|x64
		{48BBEC0C-CF7E-4810-9F11-81EAA2843AB7}.Release|x64.Build.0 = Release|x64
		{48BBEC0C-CF7E-4810-9F11-81EAA2843AB7}.Release|x86.ActiveCfg = Release|Win32
		{48BBEC0C-CF7E-4810-9F11-81EAA2843AB7}.Release|x86.Build.0 = Release|Win32
		{9076C1B7-BF54-476A-BDEC-6FB18B30DB9E}.Debug|x64.ActiveCfg = Debug|x64
		{9076C1B7-BF54-476A-BDEC-6FB18B30DB9E}.Debug|x64.Build.0 = Debug|x64
		{9076C1B7-BF54-476A-BDEC-6FB18B30DB9E}.Debug|x86.ActiveCfg = Debug|Win32
		{9076C1B7-BF54-476A-BDEC-6FB18B30DB9E}.Debug|x86.Build.0 = Debug|Win32
		{9076C1B7-BF54-476A-BDEC-6FB18B30DB9E}.Release|x64.ActiveCfg = Release|x64
		{9076C1B7-BF54-476A-BDEC-6FB18B30DB9E}.Release|x64.Build.0 = Release|x64
		{9076C1B7-BF54-476A-BDEC-6FB18B30DB9E}.Release|x86.ActiveCfg = Release|Win32
		{9076C1B7-BF54-476A-BDEC-6FB18B30DB9E}.Release|x86.Build.0 = Release|Win32
	EndGlobalSection
	GlobalSection(SolutionProperties) = preSolution
		HideSolutionNode = FALSE
	EndGlobalSection
	GlobalSection(ExtensibilityGlobals) = postSolution
		SolutionGuid = {A216F9DA-6AC8-47D3-BE07-6EFA310B35C3}
	EndGlobalSection
EndGlobal
